
Microsoft Visual Studio Solution File, Format Version 12.00
# Visual Studio Version 16
VisualStudioVersion = 16.0.29709.97
MinimumVisualStudioVersion = 10.0.40219.1
Project("{FAE04EC0-301F-11D3-BF4B-00C04F79EFBC}") = "NeuralNetwork", "NeuralNetwork\NeuralNetwork.csproj", "{6383B86E-2E2A-43AE-BF8E-8D229E504C0F}"
EndProject
Project("{FAE04EC0-301F-11D3-BF4B-00C04F79EFBC}") = "NeuralNetworkTest", "NeuralNetworkTest\NeuralNetworkTest.csproj", "{65569D5B-EE08-4951-9FD2-ABAAA7E98DB5}"
EndProject
Global
	GlobalSection(SolutionConfigurationPlatforms) = preSolution
		Debug|Any CPU = Debug|Any CPU
		Release|Any CPU = Release|Any CPU
	EndGlobalSection
	GlobalSection(ProjectConfigurationPlatforms) = postSolution
		{6383B86E-2E2A-43AE-BF8E-8D229E504C0F}.Debug|Any CPU.ActiveCfg = Debug|Any CPU
		{6383B86E-2E2A-43AE-BF8E-8D229E504C0F}.Debug|Any CPU.Build.0 = Debug|Any CPU
		{6383B86E-2E2A-43AE-BF8E-8D229E504C0F}.Release|Any CPU.ActiveCfg = Release|Any CPU
		{6383B86E-2E2A-43AE-BF8E-8D229E504C0F}.Release|Any CPU.Build.0 = Release|Any CPU
		{65569D5B-EE08-4951-9FD2-ABAAA7E98DB5}.Debug|Any CPU.ActiveCfg = Debug|Any CPU
		{65569D5B-EE08-4951-9FD2-ABAAA7E98DB5}.Debug|Any CPU.Build.0 = Debug|Any CPU
		{65569D5B-EE08-4951-9FD2-ABAAA7E98DB5}.Release|Any CPU.ActiveCfg = Release|Any CPU
		{65569D5B-EE08-4951-9FD2-ABAAA7E98DB5}.Release|Any CPU.Build.0 = Release|Any CPU
	EndGlobalSection
	GlobalSection(SolutionProperties) = preSolution
		HideSolutionNode = FALSE
	EndGlobalSection
	GlobalSection(ExtensibilityGlobals) = postSolution
		SolutionGuid = {7609C6FA-3FD1-4B83-8566-EDCFC2844B8A}
	EndGlobalSection
EndGlobal
